
Microsoft Visual Studio Solution File, Format Version 12.00
# Visual Studio 2013
VisualStudioVersion = 12.0.31101.0
MinimumVisualStudioVersion = 10.0.40219.1
Project("{2150E333-8FDC-42A3-9474-1A3956D46DE8}") = "Task 1. Formatting C", "Task 1. Formatting C", "{07AD10A2-B1F9-4082-BCF0-284E96D50F63}"
EndProject
Project("{FAE04EC0-301F-11D3-BF4B-00C04F79EFBC}") = "Events", "Events\Events.csproj", "{9895BD73-EF26-4543-AA1F-5FB77CC1E93E}"
EndProject
Global
	GlobalSection(SolutionConfigurationPlatforms) = preSolution
		Debug|Any CPU = Debug|Any CPU
		Release|Any CPU = Release|Any CPU
	EndGlobalSection
	GlobalSection(ProjectConfigurationPlatforms) = postSolution
		{9895BD73-EF26-4543-AA1F-5FB77CC1E93E}.Debug|Any CPU.ActiveCfg = Debug|Any CPU
		{9895BD73-EF26-4543-AA1F-5FB77CC1E93E}.Debug|Any CPU.Build.0 = Debug|Any CPU
		{9895BD73-EF26-4543-AA1F-5FB77CC1E93E}.Release|Any CPU.ActiveCfg = Release|Any CPU
		{9895BD73-EF26-4543-AA1F-5FB77CC1E93E}.Release|Any CPU.Build.0 = Release|Any CPU
	EndGlobalSection
	GlobalSection(SolutionProperties) = preSolution
		HideSolutionNode = FALSE
	EndGlobalSection
	GlobalSection(NestedProjects) = preSolution
		{9895BD73-EF26-4543-AA1F-5FB77CC1E93E} = {07AD10A2-B1F9-4082-BCF0-284E96D50F63}
	EndGlobalSection
EndGlobal
